Microsoft Visual Studio Solution File, Format Version 11.00
# Visual Studio 2008

Project("{55F0D19D-E2B4-012F-2D8F-EDD7B9B03545}") = "Tokyo Skies", "Assembly-CSharp-firstpass-vs.csproj", "{2CB8CCE5-9284-1E1B-D6B9-051333E6A275}"
EndProject
Project("{55F0D19D-E2B4-012F-2D8F-EDD7B9B03545}") = "Tokyo Skies", "Assembly-CSharp-vs.csproj", "{A17354F3-9EBB-DC9F-DF01-EF92DE77BEEB}"
EndProject
Project("{55F0D19D-E2B4-012F-2D8F-EDD7B9B03545}") = "Tokyo Skies", "Assembly-CSharp-Editor-vs.csproj", "{990BD1EB-5133-3BA3-9942-F4BFDC6A37EE}"
EndProject
Global
	GlobalSection(SolutionConfigurationPlatforms) = preSolution
		Debug|Any CPU = Debug|Any CPU
		Release|Any CPU = Release|Any CPU
	EndGlobalSection
	GlobalSection(ProjectConfigurationPlatforms) = postSolution
		{2CB8CCE5-9284-1E1B-D6B9-051333E6A275}.Debug|Any CPU.ActiveCfg = Debug|Any CPU
		{2CB8CCE5-9284-1E1B-D6B9-051333E6A275}.Debug|Any CPU.Build.0 = Debug|Any CPU
		{2CB8CCE5-9284-1E1B-D6B9-051333E6A275}.Release|Any CPU.ActiveCfg = Release|Any CPU
		{2CB8CCE5-9284-1E1B-D6B9-051333E6A275}.Release|Any CPU.Build.0 = Release|Any CPU
		{A17354F3-9EBB-DC9F-DF01-EF92DE77BEEB}.Debug|Any CPU.ActiveCfg = Debug|Any CPU
		{A17354F3-9EBB-DC9F-DF01-EF92DE77BEEB}.Debug|Any CPU.Build.0 = Debug|Any CPU
		{A17354F3-9EBB-DC9F-DF01-EF92DE77BEEB}.Release|Any CPU.ActiveCfg = Release|Any CPU
		{A17354F3-9EBB-DC9F-DF01-EF92DE77BEEB}.Release|Any CPU.Build.0 = Release|Any CPU
		{990BD1EB-5133-3BA3-9942-F4BFDC6A37EE}.Debug|Any CPU.ActiveCfg = Debug|Any CPU
		{990BD1EB-5133-3BA3-9942-F4BFDC6A37EE}.Debug|Any CPU.Build.0 = Debug|Any CPU
		{990BD1EB-5133-3BA3-9942-F4BFDC6A37EE}.Release|Any CPU.ActiveCfg = Release|Any CPU
		{990BD1EB-5133-3BA3-9942-F4BFDC6A37EE}.Release|Any CPU.Build.0 = Release|Any CPU
	EndGlobalSection
	GlobalSection(SolutionProperties) = preSolution
		HideSolutionNode = FALSE
	EndGlobalSection
																					GlobalSection(MonoDevelopProperties) = preSolution
		StartupItem = Assembly-CSharp.csproj
		Policies = $0
		$0.TextStylePolicy = $1
		$1.inheritsSet = null
		$1.scope = text/x-csharp
		$0.CSharpFormattingPolicy = $2
		$2.inheritsSet = Mono
		$2.inheritsScope = text/x-csharp
		$2.scope = text/x-csharp
		$0.TextStylePolicy = $3
		$3.FileWidth = 120
		$3.TabWidth = 4
		$3.EolMarker = Unix
		$3.inheritsSet = Mono
		$3.inheritsScope = text/plain
		$3.scope = text/plain
	EndGlobalSection

EndGlobal
